
Microsoft Visual Studio Solution File, Format Version 12.00
# Visual Studio 15
Project("{FAE04EC0-301F-11D3-BF4B-00C04F79EFBC}") = "OscCore.Runtime", "OscCore.Runtime.csproj", "{7AD21501-C7CE-6BB3-890C-7C9034A214B3}"
EndProject
Project("{FAE04EC0-301F-11D3-BF4B-00C04F79EFBC}") = "SteamVR", "SteamVR.csproj", "{91C511D3-8F2C-20EE-A377-1F21DB5B12ED}"
EndProject
Project("{FAE04EC0-301F-11D3-BF4B-00C04F79EFBC}") = "BlobHandles.Runtime", "BlobHandles.Runtime.csproj", "{E3CBAECF-5CA1-3EBD-7F60-2244BD582CAC}"
EndProject
Project("{FAE04EC0-301F-11D3-BF4B-00C04F79EFBC}") = "Assembly-CSharp", "Assembly-CSharp.csproj", "{FC48350C-D464-4901-28F3-883B619E99B6}"
EndProject
Project("{FAE04EC0-301F-11D3-BF4B-00C04F79EFBC}") = "NtpTimestamp", "NtpTimestamp.csproj", "{F72C4D52-70E6-161F-7137-D52EB0123F52}"
EndProject
Project("{FAE04EC0-301F-11D3-BF4B-00C04F79EFBC}") = "SteamVR_Actions", "SteamVR_Actions.csproj", "{B8CE5D20-F7E5-B6A2-7764-71D7B711B2EE}"
EndProject
Project("{FAE04EC0-301F-11D3-BF4B-00C04F79EFBC}") = "SteamVR_Editor", "SteamVR_Editor.csproj", "{AE5AD294-258B-19C5-A9DB-0DE9FB38BF1A}"
EndProject
Project("{FAE04EC0-301F-11D3-BF4B-00C04F79EFBC}") = "SteamVR_Input_Editor", "SteamVR_Input_Editor.csproj", "{D4859A9F-1B0C-760F-3763-880E6EEB86F5}"
EndProject
Project("{FAE04EC0-301F-11D3-BF4B-00C04F79EFBC}") = "OscCore.Editor", "OscCore.Editor.csproj", "{0FC8D8DA-3BA7-0B84-6270-22F7098C7848}"
EndProject
Project("{FAE04EC0-301F-11D3-BF4B-00C04F79EFBC}") = "SteamVR_Windows_EditorHelper", "SteamVR_Windows_EditorHelper.csproj", "{F1BF0B69-6801-EC79-B75E-FC7024B98B83}"
EndProject
Global
	GlobalSection(SolutionConfigurationPlatforms) = preSolution
		Debug|Any CPU = Debug|Any CPU
		Release|Any CPU = Release|Any CPU
	EndGlobalSection
	GlobalSection(ProjectConfigurationPlatforms) = postSolution
		{7AD21501-C7CE-6BB3-890C-7C9034A214B3}.Debug|Any CPU.ActiveCfg = Debug|Any CPU
		{7AD21501-C7CE-6BB3-890C-7C9034A214B3}.Debug|Any CPU.Build.0 = Debug|Any CPU
		{7AD21501-C7CE-6BB3-890C-7C9034A214B3}.Release|Any CPU.ActiveCfg = Release|Any CPU
		{7AD21501-C7CE-6BB3-890C-7C9034A214B3}.Release|Any CPU.Build.0 = Release|Any CPU
		{91C511D3-8F2C-20EE-A377-1F21DB5B12ED}.Debug|Any CPU.ActiveCfg = Debug|Any CPU
		{91C511D3-8F2C-20EE-A377-1F21DB5B12ED}.Debug|Any CPU.Build.0 = Debug|Any CPU
		{91C511D3-8F2C-20EE-A377-1F21DB5B12ED}.Release|Any CPU.ActiveCfg = Release|Any CPU
		{91C511D3-8F2C-20EE-A377-1F21DB5B12ED}.Release|Any CPU.Build.0 = Release|Any CPU
		{E3CBAECF-5CA1-3EBD-7F60-2244BD582CAC}.Debug|Any CPU.ActiveCfg = Debug|Any CPU
		{E3CBAECF-5CA1-3EBD-7F60-2244BD582CAC}.Debug|Any CPU.Build.0 = Debug|Any CPU
		{E3CBAECF-5CA1-3EBD-7F60-2244BD582CAC}.Release|Any CPU.ActiveCfg = Release|Any CPU
		{E3CBAECF-5CA1-3EBD-7F60-2244BD582CAC}.Release|Any CPU.Build.0 = Release|Any CPU
		{FC48350C-D464-4901-28F3-883B619E99B6}.Debug|Any CPU.ActiveCfg = Debug|Any CPU
		{FC48350C-D464-4901-28F3-883B619E99B6}.Debug|Any CPU.Build.0 = Debug|Any CPU
		{FC48350C-D464-4901-28F3-883B619E99B6}.Release|Any CPU.ActiveCfg = Release|Any CPU
		{FC48350C-D464-4901-28F3-883B619E99B6}.Release|Any CPU.Build.0 = Release|Any CPU
		{F72C4D52-70E6-161F-7137-D52EB0123F52}.Debug|Any CPU.ActiveCfg = Debug|Any CPU
		{F72C4D52-70E6-161F-7137-D52EB0123F52}.Debug|Any CPU.Build.0 = Debug|Any CPU
		{F72C4D52-70E6-161F-7137-D52EB0123F52}.Release|Any CPU.ActiveCfg = Release|Any CPU
		{F72C4D52-70E6-161F-7137-D52EB0123F52}.Release|Any CPU.Build.0 = Release|Any CPU
		{B8CE5D20-F7E5-B6A2-7764-71D7B711B2EE}.Debug|Any CPU.ActiveCfg = Debug|Any CPU
		{B8CE5D20-F7E5-B6A2-7764-71D7B711B2EE}.Debug|Any CPU.Build.0 = Debug|Any CPU
		{B8CE5D20-F7E5-B6A2-7764-71D7B711B2EE}.Release|Any CPU.ActiveCfg = Release|Any CPU
		{B8CE5D20-F7E5-B6A2-7764-71D7B711B2EE}.Release|Any CPU.Build.0 = Release|Any CPU
		{AE5AD294-258B-19C5-A9DB-0DE9FB38BF1A}.Debug|Any CPU.ActiveCfg = Debug|Any CPU
		{AE5AD294-258B-19C5-A9DB-0DE9FB38BF1A}.Debug|Any CPU.Build.0 = Debug|Any CPU
		{AE5AD294-258B-19C5-A9DB-0DE9FB38BF1A}.Release|Any CPU.ActiveCfg = Release|Any CPU
		{AE5AD294-258B-19C5-A9DB-0DE9FB38BF1A}.Release|Any CPU.Build.0 = Release|Any CPU
		{D4859A9F-1B0C-760F-3763-880E6EEB86F5}.Debug|Any CPU.ActiveCfg = Debug|Any CPU
		{D4859A9F-1B0C-760F-3763-880E6EEB86F5}.Debug|Any CPU.Build.0 = Debug|Any CPU
		{D4859A9F-1B0C-760F-3763-880E6EEB86F5}.Release|Any CPU.ActiveCfg = Release|Any CPU
		{D4859A9F-1B0C-760F-3763-880E6EEB86F5}.Release|Any CPU.Build.0 = Release|Any CPU
		{0FC8D8DA-3BA7-0B84-6270-22F7098C7848}.Debug|Any CPU.ActiveCfg = Debug|Any CPU
		{0FC8D8DA-3BA7-0B84-6270-22F7098C7848}.Debug|Any CPU.Build.0 = Debug|Any CPU
		{0FC8D8DA-3BA7-0B84-6270-22F7098C7848}.Release|Any CPU.ActiveCfg = Release|Any CPU
		{0FC8D8DA-3BA7-0B84-6270-22F7098C7848}.Release|Any CPU.Build.0 = Release|Any CPU
		{F1BF0B69-6801-EC79-B75E-FC7024B98B83}.Debug|Any CPU.ActiveCfg = Debug|Any CPU
		{F1BF0B69-6801-EC79-B75E-FC7024B98B83}.Debug|Any CPU.Build.0 = Debug|Any CPU
		{F1BF0B69-6801-EC79-B75E-FC7024B98B83}.Release|Any CPU.ActiveCfg = Release|Any CPU
		{F1BF0B69-6801-EC79-B75E-FC7024B98B83}.Release|Any CPU.Build.0 = Release|Any CPU
	EndGlobalSection
	GlobalSection(SolutionProperties) = preSolution
		HideSolutionNode = FALSE
	EndGlobalSection
EndGlobal
